
Microsoft Visual Studio Solution File, Format Version 12.00
# Visual Studio Version 16
VisualStudioVersion = 16.0.32126.315
MinimumVisualStudioVersion = 10.0.40219.1
Project("{8BC9CEB8-8B4A-11D0-8D11-00A0C91BC942}") = "assn1", "assn1\assn1.vcxproj", "{49162388-C191-4581-BDF9-E99AC8153DD2}"
EndProject
Global
	GlobalSection(SolutionConfigurationPlatforms) = preSolution
		Debug|x64 = Debug|x64
		Debug|x86 = Debug|x86
		Release|x64 = Release|x64
		Release|x86 = Release|x86
	EndGlobalSection
	GlobalSection(ProjectConfigurationPlatforms) = postSolution
		{49162388-C191-4581-BDF9-E99AC8153DD2}.Debug|x64.ActiveCfg = Debug|x64
		{49162388-C191-4581-BDF9-E99AC8153DD2}.Debug|x64.Build.0 = Debug|x64
		{49162388-C191-4581-BDF9-E99AC8153DD2}.Debug|x86.ActiveCfg = Debug|Win32
		{49162388-C191-4581-BDF9-E99AC8153DD2}.Debug|x86.Build.0 = Debug|Win32
		{49162388-C191-4581-BDF9-E99AC8153DD2}.Release|x64.ActiveCfg = Release|x64
		{49162388-C191-4581-BDF9-E99AC8153DD2}.Release|x64.Build.0 = Release|x64
		{49162388-C191-4581-BDF9-E99AC8153DD2}.Release|x86.ActiveCfg = Release|Win32
		{49162388-C191-4581-BDF9-E99AC8153DD2}.Release|x86.Build.0 = Release|Win32
	EndGlobalSection
	GlobalSection(SolutionProperties) = preSolution
		HideSolutionNode = FALSE
	EndGlobalSection
	GlobalSection(ExtensibilityGlobals) = postSolution
		SolutionGuid = {6CF2FB6D-7454-4627-A61E-3A8C175B9305}
	EndGlobalSection
EndGlobal
